// !$*UTF8*$!
{
	archiveVersion = 1;
	classes = {
	};
	objectVersion = 46;
	objects = {

/* Begin PBXBuildFile section */
		1F9FB0CB1A40CEC700041B06 /* SJKeyButton.m in Sources */ = {isa = PBXBuildFile; fileRef = 1F9FB0CA1A40CEC700041B06 /* SJKeyButton.m */; };
		401627441A3F13A6005514E3 /* SJKeyboard.xib in Resources */ = {isa = PBXBuildFile; fileRef = 401627431A3F13A6005514E3 /* SJKeyboard.xib */; };
		40A95CBD1A3F0FCC000BABE0 /* main.m in Sources */ = {isa = PBXBuildFile; fileRef = 40A95CBC1A3F0FCC000BABE0 /* main.m */; };
		40A95CC01A3F0FCC000BABE0 /* AppDelegate.m in Sources */ = {isa = PBXBuildFile; fileRef = 40A95CBF1A3F0FCC000BABE0 /* AppDelegate.m */; };
		40A95CC31A3F0FCC000BABE0 /* ViewController.m in Sources */ = {isa = PBXBuildFile; fileRef = 40A95CC21A3F0FCC000BABE0 /* ViewController.m */; };
		40A95CC61A3F0FCC000BABE0 /* Main.storyboard in Resources */ = {isa = PBXBuildFile; fileRef = 40A95CC41A3F0FCC000BABE0 /* Main.storyboard */; };
		40A95CC81A3F0FCC000BABE0 /* Images.xcassets in Resources */ = {isa = PBXBuildFile; fileRef = 40A95CC71A3F0FCC000BABE0 /* Images.xcassets */; };
		40A95CCB1A3F0FCC000BABE0 /* LaunchScreen.xib in Resources */ = {isa = PBXBuildFile; fileRef = 40A95CC91A3F0FCC000BABE0 /* LaunchScreen.xib */; };
		40A95CD71A3F0FCC000BABE0 /* aliveTests.m in Sources */ = {isa = PBXBuildFile; fileRef = 40A95CD61A3F0FCC000BABE0 /* aliveTests.m */; };
		40A95CEA1A3F0FDB000BABE0 /* KeyboardViewController.m in Sources */ = {isa = PBXBuildFile; fileRef = 40A95CE91A3F0FDB000BABE0 /* KeyboardViewController.m */; };
		40A95CED1A3F0FDB000BABE0 /* keyboard.appex in Embed App Extensions */ = {isa = PBXBuildFile; fileRef = 40A95CE41A3F0FDB000BABE0 /* keyboard.appex */; settings = {ATTRIBUTES = (RemoveHeadersOnCopy, ); }; };
		40E830AF1A3F1376001A3CBC /* SJKeyboard.m in Sources */ = {isa = PBXBuildFile; fileRef = 40E830AE1A3F1376001A3CBC /* SJKeyboard.m */; };
/* End PBXBuildFile section */

/* Begin PBXContainerItemProxy section */
		40A95CD11A3F0FCC000BABE0 /* PBXContainerItemProxy */ = {
			isa = PBXContainerItemProxy;
			containerPortal = 40A95CAF1A3F0FCC000BABE0 /* Project object */;
			proxyType = 1;
			remoteGlobalIDString = 40A95CB61A3F0FCC000BABE0;
			remoteInfo = alive;
		};
		40A95CEB1A3F0FDB000BABE0 /* PBXContainerItemProxy */ = {
			isa = PBXContainerItemProxy;
			containerPortal = 40A95CAF1A3F0FCC000BABE0 /* Project object */;
			proxyType = 1;
			remoteGlobalIDString = 40A95CE31A3F0FDB000BABE0;
			remoteInfo = keyboard;
		};
		40A95CEE1A3F0FDB000BABE0 /* PBXContainerItemProxy */ = {
			isa = PBXContainerItemProxy;
			containerPortal = 40A95CAF1A3F0FCC000BABE0 /* Project object */;
			proxyType = 1;
			remoteGlobalIDString = 40A95CE31A3F0FDB000BABE0;
			remoteInfo = keyboard;
		};
/* End PBXContainerItemProxy section */

/* Begin PBXCopyFilesBuildPhase section */
		40A95CF31A3F0FDB000BABE0 /* Embed App Extensions */ = {
			isa = PBXCopyFilesBuildPhase;
			buildActionMask = 2147483647;
			dstPath = "";
			dstSubfolderSpec = 13;
			files = (
				40A95CED1A3F0FDB000BABE0 /* keyboard.appex in Embed App Extensions */,
			);
			name = "Embed App Extensions";
			runOnlyForDeploymentPostprocessing = 0;
		};
/* End PBXCopyFilesBuildPhase section */

/* Begin PBXFileReference section */
		1F9FB0C91A40CEC700041B06 /* SJKeyButton.h */ = {isa = PBXFileReference; fileEncoding = 4; lastKnownFileType = sourcecode.c.h; path = SJKeyButton.h; sourceTree = "<group>"; };
		1F9FB0CA1A40CEC700041B06 /* SJKeyButton.m */ = {isa = PBXFileReference; fileEncoding = 4; lastKnownFileType = sourcecode.c.objc; path = SJKeyButton.m; sourceTree = "<group>"; };
		401627431A3F13A6005514E3 /* SJKeyboard.xib */ = {isa = PBXFileReference; fileEncoding = 4; lastKnownFileType = file.xib; path = SJKeyboard.xib; sourceTree = "<group>"; };
		401627451A3F34F4005514E3 /* alive.entitlements */ = {isa = PBXFileReference; lastKnownFileType = text.xml; path = alive.entitlements; sourceTree = "<group>"; };
		40A95CB71A3F0FCC000BABE0 /* alive.app */ = {isa = PBXFileReference; explicitFileType = wrapper.application; includeInIndex = 0; path = alive.app; sourceTree = BUILT_PRODUCTS_DIR; };
		40A95CBB1A3F0FCC000BABE0 /* Info.plist */ = {isa = PBXFileReference; lastKnownFileType = text.plist.xml; path = Info.plist; sourceTree = "<group>"; };
		40A95CBC1A3F0FCC000BABE0 /* main.m */ = {isa = PBXFileReference; lastKnownFileType = sourcecode.c.objc; path = main.m; sourceTree = "<group>"; };
		40A95CBE1A3F0FCC000BABE0 /* AppDelegate.h */ = {isa = PBXFileReference; lastKnownFileType = sourcecode.c.h; path = AppDelegate.h; sourceTree = "<group>"; };
		40A95CBF1A3F0FCC000BABE0 /* AppDelegate.m */ = {isa = PBXFileReference; lastKnownFileType = sourcecode.c.objc; path = AppDelegate.m; sourceTree = "<group>"; };
		40A95CC11A3F0FCC000BABE0 /* ViewController.h */ = {isa = PBXFileReference; lastKnownFileType = sourcecode.c.h; path = ViewController.h; sourceTree = "<group>"; };
		40A95CC21A3F0FCC000BABE0 /* ViewController.m */ = {isa = PBXFileReference; lastKnownFileType = sourcecode.c.objc; path = ViewController.m; sourceTree = "<group>"; };
		40A95CC51A3F0FCC000BABE0 /* Base */ = {isa = PBXFileReference; lastKnownFileType = file.storyboard; name = Base; path = Base.lproj/Main.storyboard; sourceTree = "<group>"; };
		40A95CC71A3F0FCC000BABE0 /* Images.xcassets */ = {isa = PBXFileReference; lastKnownFileType = folder.assetcatalog; path = Images.xcassets; sourceTree = "<group>"; };
		40A95CCA1A3F0FCC000BABE0 /* Base */ = {isa = PBXFileReference; lastKnownFileType = file.xib; name = Base; path = Base.lproj/LaunchScreen.xib; sourceTree = "<group>"; };
		40A95CD01A3F0FCC000BABE0 /* aliveTests.xctest */ = {isa = PBXFileReference; explicitFileType = wrapper.cfbundle; includeInIndex = 0; path = aliveTests.xctest; sourceTree = BUILT_PRODUCTS_DIR; };
		40A95CD51A3F0FCC000BABE0 /* Info.plist */ = {isa = PBXFileReference; lastKnownFileType = text.plist.xml; path = Info.plist; sourceTree = "<group>"; };
		40A95CD61A3F0FCC000BABE0 /* aliveTests.m */ = {isa = PBXFileReference; lastKnownFileType = sourcecode.c.objc; path = aliveTests.m; sourceTree = "<group>"; };
		40A95CE41A3F0FDB000BABE0 /* keyboard.appex */ = {isa = PBXFileReference; explicitFileType = "wrapper.app-extension"; includeInIndex = 0; path = keyboard.appex; sourceTree = BUILT_PRODUCTS_DIR; };
		40A95CE71A3F0FDB000BABE0 /* Info.plist */ = {isa = PBXFileReference; lastKnownFileType = text.plist.xml; path = Info.plist; sourceTree = "<group>"; };
		40A95CE81A3F0FDB000BABE0 /* KeyboardViewController.h */ = {isa = PBXFileReference; lastKnownFileType = sourcecode.c.h; path = KeyboardViewController.h; sourceTree = "<group>"; };
		40A95CE91A3F0FDB000BABE0 /* KeyboardViewController.m */ = {isa = PBXFileReference; lastKnownFileType = sourcecode.c.objc; path = KeyboardViewController.m; sourceTree = "<group>"; };
		40E830AD1A3F1376001A3CBC /* SJKeyboard.h */ = {isa = PBXFileReference; fileEncoding = 4; lastKnownFileType = sourcecode.c.h; path = SJKeyboard.h; sourceTree = "<group>"; };
		40E830AE1A3F1376001A3CBC /* SJKeyboard.m */ = {isa = PBXFileReference; fileEncoding = 4; lastKnownFileType = sourcecode.c.objc; path = SJKeyboard.m; sourceTree = "<group>"; };
/* End PBXFileReference section */

/* Begin PBXFrameworksBuildPhase section */
		40A95CB41A3F0FCC000BABE0 /* Frameworks */ = {
			isa = PBXFrameworksBuildPhase;
			buildActionMask = 2147483647;
			files = (
			);
			runOnlyForDeploymentPostprocessing = 0;
		};
		40A95CCD1A3F0FCC000BABE0 /* Frameworks */ = {
			isa = PBXFrameworksBuildPhase;
			buildActionMask = 2147483647;
			files = (
			);
			runOnlyForDeploymentPostprocessing = 0;
		};
		40A95CE11A3F0FDB000BABE0 /* Frameworks */ = {
			isa = PBXFrameworksBuildPhase;
			buildActionMask = 2147483647;
			files = (
			);
			runOnlyForDeploymentPostprocessing = 0;
		};
/* End PBXFrameworksBuildPhase section */

/* Begin PBXGroup section */
		40A95CAE1A3F0FCC000BABE0 = {
			isa = PBXGroup;
			children = (
				40A95CB91A3F0FCC000BABE0 /* alive */,
				40A95CD31A3F0FCC000BABE0 /* aliveTests */,
				40A95CE51A3F0FDB000BABE0 /* keyboard */,
				40A95CB81A3F0FCC000BABE0 /* Products */,
			);
			sourceTree = "<group>";
		};
		40A95CB81A3F0FCC000BABE0 /* Products */ = {
			isa = PBXGroup;
			children = (
				40A95CB71A3F0FCC000BABE0 /* alive.app */,
				40A95CD01A3F0FCC000BABE0 /* aliveTests.xctest */,
				40A95CE41A3F0FDB000BABE0 /* keyboard.appex */,
			);
			name = Products;
			sourceTree = "<group>";
		};
		40A95CB91A3F0FCC000BABE0 /* alive */ = {
			isa = PBXGroup;
			children = (
				401627451A3F34F4005514E3 /* alive.entitlements */,
				40A95CBE1A3F0FCC000BABE0 /* AppDelegate.h */,
				40A95CBF1A3F0FCC000BABE0 /* AppDelegate.m */,
				40A95CC11A3F0FCC000BABE0 /* ViewController.h */,
				40A95CC21A3F0FCC000BABE0 /* ViewController.m */,
				40A95CC41A3F0FCC000BABE0 /* Main.storyboard */,
				40A95CC71A3F0FCC000BABE0 /* Images.xcassets */,
				40A95CC91A3F0FCC000BABE0 /* LaunchScreen.xib */,
				40A95CBA1A3F0FCC000BABE0 /* Supporting Files */,
			);
			path = alive;
			sourceTree = "<group>";
		};
		40A95CBA1A3F0FCC000BABE0 /* Supporting Files */ = {
			isa = PBXGroup;
			children = (
				40A95CBB1A3F0FCC000BABE0 /* Info.plist */,
				40A95CBC1A3F0FCC000BABE0 /* main.m */,
			);
			name = "Supporting Files";
			sourceTree = "<group>";
		};
		40A95CD31A3F0FCC000BABE0 /* aliveTests */ = {
			isa = PBXGroup;
			children = (
				40A95CD61A3F0FCC000BABE0 /* aliveTests.m */,
				40A95CD41A3F0FCC000BABE0 /* Supporting Files */,
			);
			path = aliveTests;
			sourceTree = "<group>";
		};
		40A95CD41A3F0FCC000BABE0 /* Supporting Files */ = {
			isa = PBXGroup;
			children = (
				40A95CD51A3F0FCC000BABE0 /* Info.plist */,
			);
			name = "Supporting Files";
			sourceTree = "<group>";
		};
		40A95CE51A3F0FDB000BABE0 /* keyboard */ = {
			isa = PBXGroup;
			children = (
				40A95CE81A3F0FDB000BABE0 /* KeyboardViewController.h */,
				40A95CE91A3F0FDB000BABE0 /* KeyboardViewController.m */,
				40E830AD1A3F1376001A3CBC /* SJKeyboard.h */,
				40E830AE1A3F1376001A3CBC /* SJKeyboard.m */,
				401627431A3F13A6005514E3 /* SJKeyboard.xib */,
				1F9FB0C91A40CEC700041B06 /* SJKeyButton.h */,
				1F9FB0CA1A40CEC700041B06 /* SJKeyButton.m */,
				40A95CE61A3F0FDB000BABE0 /* Supporting Files */,
			);
			path = keyboard;
			sourceTree = "<group>";
		};
		40A95CE61A3F0FDB000BABE0 /* Supporting Files */ = {
			isa = PBXGroup;
			children = (
				40A95CE71A3F0FDB000BABE0 /* Info.plist */,
			);
			name = "Supporting Files";
			sourceTree = "<group>";
		};
/* End PBXGroup section */

/* Begin PBXNativeTarget section */
		40A95CB61A3F0FCC000BABE0 /* alive */ = {
			isa = PBXNativeTarget;
			buildConfigurationList = 40A95CDA1A3F0FCC000BABE0 /* Build configuration list for PBXNativeTarget "alive" */;
			buildPhases = (
				40A95CB31A3F0FCC000BABE0 /* Sources */,
				40A95CB41A3F0FCC000BABE0 /* Frameworks */,
				40A95CB51A3F0FCC000BABE0 /* Resources */,
				40A95CF31A3F0FDB000BABE0 /* Embed App Extensions */,
			);
			buildRules = (
			);
			dependencies = (
				40A95CEC1A3F0FDB000BABE0 /* PBXTargetDependency */,
				40A95CEF1A3F0FDB000BABE0 /* PBXTargetDependency */,
			);
			name = alive;
			productName = alive;
			productReference = 40A95CB71A3F0FCC000BABE0 /* alive.app */;
			productType = "com.apple.product-type.application";
		};
		40A95CCF1A3F0FCC000BABE0 /* aliveTests */ = {
			isa = PBXNativeTarget;
			buildConfigurationList = 40A95CDD1A3F0FCC000BABE0 /* Build configuration list for PBXNativeTarget "aliveTests" */;
			buildPhases = (
				40A95CCC1A3F0FCC000BABE0 /* Sources */,
				40A95CCD1A3F0FCC000BABE0 /* Frameworks */,
				40A95CCE1A3F0FCC000BABE0 /* Resources */,
			);
			buildRules = (
			);
			dependencies = (
				40A95CD21A3F0FCC000BABE0 /* PBXTargetDependency */,
			);
			name = aliveTests;
			productName = aliveTests;
			productReference = 40A95CD01A3F0FCC000BABE0 /* aliveTests.xctest */;
			productType = "com.apple.product-type.bundle.unit-test";
		};
		40A95CE31A3F0FDB000BABE0 /* keyboard */ = {
			isa = PBXNativeTarget;
			buildConfigurationList = 40A95CF01A3F0FDB000BABE0 /* Build configuration list for PBXNativeTarget "keyboard" */;
			buildPhases = (
				40A95CE01A3F0FDB000BABE0 /* Sources */,
				40A95CE11A3F0FDB000BABE0 /* Frameworks */,
				40A95CE21A3F0FDB000BABE0 /* Resources */,
			);
			buildRules = (
			);
			dependencies = (
			);
			name = keyboard;
			productName = keyboard;
			productReference = 40A95CE41A3F0FDB000BABE0 /* keyboard.appex */;
			productType = "com.apple.product-type.app-extension";
		};
/* End PBXNativeTarget section */

/* Begin PBXProject section */
		40A95CAF1A3F0FCC000BABE0 /* Project object */ = {
			isa = PBXProject;
			attributes = {
				LastUpgradeCheck = 0600;
				ORGANIZATIONNAME = entusapps;
				TargetAttributes = {
					40A95CB61A3F0FCC000BABE0 = {
						CreatedOnToolsVersion = 6.0;
						DevelopmentTeam = KSGA3ZEPVU;
						SystemCapabilities = {
							com.apple.ApplicationGroups.iOS = {
								enabled = 0;
							};
						};
					};
					40A95CCF1A3F0FCC000BABE0 = {
						CreatedOnToolsVersion = 6.0;
						TestTargetID = 40A95CB61A3F0FCC000BABE0;
					};
					40A95CE31A3F0FDB000BABE0 = {
						CreatedOnToolsVersion = 6.0;
						DevelopmentTeam = KSGA3ZEPVU;
						SystemCapabilities = {
							com.apple.ApplicationGroups.iOS = {
								enabled = 0;
							};
						};
					};
				};
			};
			buildConfigurationList = 40A95CB21A3F0FCC000BABE0 /* Build configuration list for PBXProject "alive" */;
			compatibilityVersion = "Xcode 3.2";
			developmentRegion = English;
			hasScannedForEncodings = 0;
			knownRegions = (
				en,
				Base,
			);
			mainGroup = 40A95CAE1A3F0FCC000BABE0;
			productRefGroup = 40A95CB81A3F0FCC000BABE0 /* Products */;
			projectDirPath = "";
			projectRoot = "";
			targets = (
				40A95CB61A3F0FCC000BABE0 /* alive */,
				40A95CCF1A3F0FCC000BABE0 /* aliveTests */,
				40A95CE31A3F0FDB000BABE0 /* keyboard */,
			);
		};
/* End PBXProject section */

/* Begin PBXResourcesBuildPhase section */
		40A95CB51A3F0FCC000BABE0 /* Resources */ = {
			isa = PBXResourcesBuildPhase;
			buildActionMask = 2147483647;
			files = (
				40A95CC61A3F0FCC000BABE0 /* Main.storyboard in Resources */,
				40A95CCB1A3F0FCC000BABE0 /* LaunchScreen.xib in Resources */,
				40A95CC81A3F0FCC000BABE0 /* Images.xcassets in Resources */,
			);
			runOnlyForDeploymentPostprocessing = 0;
		};
		40A95CCE1A3F0FCC000BABE0 /* Resources */ = {
			isa = PBXResourcesBuildPhase;
			buildActionMask = 2147483647;
			files = (
			);
			runOnlyForDeploymentPostprocessing = 0;
		};
		40A95CE21A3F0FDB000BABE0 /* Resources */ = {
			isa = PBXResourcesBuildPhase;
			buildActionMask = 2147483647;
			files = (
				401627441A3F13A6005514E3 /* SJKeyboard.xib in Resources */,
			);
			runOnlyForDeploymentPostprocessing = 0;
		};
/* End PBXResourcesBuildPhase section */

/* Begin PBXSourcesBuildPhase section */
		40A95CB31A3F0FCC000BABE0 /* Sources */ = {
			isa = PBXSourcesBuildPhase;
			buildActionMask = 2147483647;
			files = (
				40A95CC31A3F0FCC000BABE0 /* ViewController.m in Sources */,
				40A95CC01A3F0FCC000BABE0 /* AppDelegate.m in Sources */,
				40A95CBD1A3F0FCC000BABE0 /* main.m in Sources */,
			);
			runOnlyForDeploymentPostprocessing = 0;
		};
		40A95CCC1A3F0FCC000BABE0 /* Sources */ = {
			isa = PBXSourcesBuildPhase;
			buildActionMask = 2147483647;
			files = (
				40A95CD71A3F0FCC000BABE0 /* aliveTests.m in Sources */,
			);
			runOnlyForDeploymentPostprocessing = 0;
		};
		40A95CE01A3F0FDB000BABE0 /* Sources */ = {
			isa = PBXSourcesBuildPhase;
			buildActionMask = 2147483647;
			files = (
				1F9FB0CB1A40CEC700041B06 /* SJKeyButton.m in Sources */,
				40A95CEA1A3F0FDB000BABE0 /* KeyboardViewController.m in Sources */,
				40E830AF1A3F1376001A3CBC /* SJKeyboard.m in Sources */,
			);
			runOnlyForDeploymentPostprocessing = 0;
		};
/* End PBXSourcesBuildPhase section */

/* Begin PBXTargetDependency section */
		40A95CD21A3F0FCC000BABE0 /* PBXTargetDependency */ = {
			isa = PBXTargetDependency;
			target = 40A95CB61A3F0FCC000BABE0 /* alive */;
			targetProxy = 40A95CD11A3F0FCC000BABE0 /* PBXContainerItemProxy */;
		};
		40A95CEC1A3F0FDB000BABE0 /* PBXTargetDependency */ = {
			isa = PBXTargetDependency;
			target = 40A95CE31A3F0FDB000BABE0 /* keyboard */;
			targetProxy = 40A95CEB1A3F0FDB000BABE0 /* PBXContainerItemProxy */;
		};
		40A95CEF1A3F0FDB000BABE0 /* PBXTargetDependency */ = {
			isa = PBXTargetDependency;
			target = 40A95CE31A3F0FDB000BABE0 /* keyboard */;
			targetProxy = 40A95CEE1A3F0FDB000BABE0 /* PBXContainerItemProxy */;
		};
/* End PBXTargetDependency section */

/* Begin PBXVariantGroup section */
		40A95CC41A3F0FCC000BABE0 /* Main.storyboard */ = {
			isa = PBXVariantGroup;
			children = (
				40A95CC51A3F0FCC000BABE0 /* Base */,
			);
			name = Main.storyboard;
			sourceTree = "<group>";
		};
		40A95CC91A3F0FCC000BABE0 /* LaunchScreen.xib */ = {
			isa = PBXVariantGroup;
			children = (
				40A95CCA1A3F0FCC000BABE0 /* Base */,
			);
			name = LaunchScreen.xib;
			sourceTree = "<group>";
		};
/* End PBXVariantGroup section */

/* Begin XCBuildConfiguration section */
		40A95CD81A3F0FCC000BABE0 /* Debug */ = {
			isa = XCBuildConfiguration;
			buildSettings = {
				ALWAYS_SEARCH_USER_PATHS = NO;
				CLANG_CXX_LANGUAGE_STANDARD = "gnu++0x";
				CLANG_CXX_LIBRARY = "libc++";
				CLANG_ENABLE_MODULES = YES;
				CLANG_ENABLE_OBJC_ARC = YES;
				CLANG_WARN_BOOL_CONVERSION = YES;
				CLANG_WARN_CONSTANT_CONVERSION = YES;
				CLANG_WARN_DIRECT_OBJC_ISA_USAGE = YES_ERROR;
				CLANG_WARN_EMPTY_BODY = YES;
				CLANG_WARN_ENUM_CONVERSION = YES;
				CLANG_WARN_INT_CONVERSION = YES;
				CLANG_WARN_OBJC_ROOT_CLASS = YES_ERROR;
				CLANG_WARN_UNREACHABLE_CODE = YES;
				CLANG_WARN__DUPLICATE_METHOD_MATCH = YES;
				"CODE_SIGN_IDENTITY[sdk=iphoneos*]" = "iPhone Developer";
				COPY_PHASE_STRIP = NO;
				ENABLE_STRICT_OBJC_MSGSEND = YES;
				GCC_C_LANGUAGE_STANDARD = gnu99;
				GCC_DYNAMIC_NO_PIC = NO;
				GCC_OPTIMIZATION_LEVEL = 0;
				GCC_PREPROCESSOR_DEFINITIONS = (
					"DEBUG=1",
					"$(inherited)",
				);
				GCC_SYMBOLS_PRIVATE_EXTERN = NO;
				GCC_WARN_64_TO_32_BIT_CONVERSION = YES;
				GCC_WARN_ABOUT_RETURN_TYPE = YES_ERROR;
				GCC_WARN_UNDECLARED_SELECTOR = YES;
				GCC_WARN_UNINITIALIZED_AUTOS = YES_AGGRESSIVE;
				GCC_WARN_UNUSED_FUNCTION = YES;
				GCC_WARN_UNUSED_VARIABLE = YES;
				IPHONEOS_DEPLOYMENT_TARGET = 8.0;
				MTL_ENABLE_DEBUG_INFO = YES;
				ONLY_ACTIVE_ARCH = YES;
				SDKROOT = iphoneos;
			};
			name = Debug;
		};
		40A95CD91A3F0FCC000BABE0 /* Release */ = {
			isa = XCBuildConfiguration;
			buildSettings = {
				ALWAYS_SEARCH_USER_PATHS = NO;
				CLANG_CXX_LANGUAGE_STANDARD = "gnu++0x";
				CLANG_CXX_LIBRARY = "libc++";
				CLANG_ENABLE_MODULES = YES;
				CLANG_ENABLE_OBJC_ARC = YES;
				CLANG_WARN_BOOL_CONVERSION = YES;
				CLANG_WARN_CONSTANT_CONVERSION = YES;
				CLANG_WARN_DIRECT_OBJC_ISA_USAGE = YES_ERROR;
				CLANG_WARN_EMPTY_BODY = YES;
				CLANG_WARN_ENUM_CONVERSION = YES;
				CLANG_WARN_INT_CONVERSION = YES;
				CLANG_WARN_OBJC_ROOT_CLASS = YES_ERROR;
				CLANG_WARN_UNREACHABLE_CODE = YES;
				CLANG_WARN__DUPLICATE_METHOD_MATCH = YES;
				"CODE_SIGN_IDENTITY[sdk=iphoneos*]" = "iPhone Developer";
				COPY_PHASE_STRIP = YES;
				ENABLE_NS_ASSERTIONS = NO;
				ENABLE_STRICT_OBJC_MSGSEND = YES;
				GCC_C_LANGUAGE_STANDARD = gnu99;
				GCC_WARN_64_TO_32_BIT_CONVERSION = YES;
				GCC_WARN_ABOUT_RETURN_TYPE = YES_ERROR;
				GCC_WARN_UNDECLARED_SELECTOR = YES;
				GCC_WARN_UNINITIALIZED_AUTOS = YES_AGGRESSIVE;
				GCC_WARN_UNUSED_FUNCTION = YES;
				GCC_WARN_UNUSED_VARIABLE = YES;
				IPHONEOS_DEPLOYMENT_TARGET = 8.0;
				MTL_ENABLE_DEBUG_INFO = NO;
				SDKROOT = iphoneos;
				VALIDATE_PRODUCT = YES;
			};
			name = Release;
		};
		40A95CDB1A3F0FCC000BABE0 /* Debug */ = {
			isa = XCBuildConfiguration;
			buildSettings = {
				ASSETCATALOG_COMPILER_APPICON_NAME = AppIcon;
				CODE_SIGN_IDENTITY = "iOS Development: SANGJIN LEE (XYM8T9Z949)";
				"CODE_SIGN_IDENTITY[sdk=iphoneos*]" = "iPhone Developer";
				INFOPLIST_FILE = alive/Info.plist;
				IPHONEOS_DEPLOYMENT_TARGET = 8.0;
				LD_RUNPATH_SEARCH_PATHS = "$(inherited) @executable_path/Frameworks";
				PRODUCT_NAME = "$(TARGET_NAME)";
				PROVISIONING_PROFILE = "";
			};
			name = Debug;
		};
		40A95CDC1A3F0FCC000BABE0 /* Release */ = {
			isa = XCBuildConfiguration;
			buildSettings = {
				ASSETCATALOG_COMPILER_APPICON_NAME = AppIcon;
				CODE_SIGN_IDENTITY = "iOS Development: SANGJIN LEE (XYM8T9Z949)";
				"CODE_SIGN_IDENTITY[sdk=iphoneos*]" = "iPhone Developer";
				INFOPLIST_FILE = alive/Info.plist;
				IPHONEOS_DEPLOYMENT_TARGET = 8.0;
				LD_RUNPATH_SEARCH_PATHS = "$(inherited) @executable_path/Frameworks";
				PRODUCT_NAME = "$(TARGET_NAME)";
				PROVISIONING_PROFILE = "";
			};
			name = Release;
		};
		40A95CDE1A3F0FCC000BABE0 /* Debug */ = {
			isa = XCBuildConfiguration;
			buildSettings = {
				BUNDLE_LOADER = "$(TEST_HOST)";
				FRAMEWORK_SEARCH_PATHS = (
					"$(SDKROOT)/Developer/Library/Frameworks",
					"$(inherited)",
				);
				GCC_PREPROCESSOR_DEFINITIONS = (
					"DEBUG=1",
					"$(inherited)",
				);
				INFOPLIST_FILE = aliveTests/Info.plist;
				LD_RUNPATH_SEARCH_PATHS = "$(inherited) @executable_path/Frameworks @loader_path/Frameworks";
				PRODUCT_NAME = "$(TARGET_NAME)";
				TEST_HOST = "$(BUILT_PRODUCTS_DIR)/alive.app/alive";
			};
			name = Debug;
		};
		40A95CDF1A3F0FCC000BABE0 /* Release */ = {
			isa = XCBuildConfiguration;
			buildSettings = {
				BUNDLE_LOADER = "$(TEST_HOST)";
				FRAMEWORK_SEARCH_PATHS = (
					"$(SDKROOT)/Developer/Library/Frameworks",
					"$(inherited)",
				);
				INFOPLIST_FILE = aliveTests/Info.plist;
				LD_RUNPATH_SEARCH_PATHS = "$(inherited) @executable_path/Frameworks @loader_path/Frameworks";
				PRODUCT_NAME = "$(TARGET_NAME)";
				TEST_HOST = "$(BUILT_PRODUCTS_DIR)/alive.app/alive";
			};
			name = Release;
		};
		40A95CF11A3F0FDB000BABE0 /* Debug */ = {
			isa = XCBuildConfiguration;
			buildSettings = {
				CODE_SIGN_IDENTITY = "iPhone Developer";
				"CODE_SIGN_IDENTITY[sdk=iphoneos*]" = "iPhone Developer";
				GCC_PREPROCESSOR_DEFINITIONS = (
					"DEBUG=1",
					"$(inherited)",
				);
				INFOPLIST_FILE = keyboard/Info.plist;
				IPHONEOS_DEPLOYMENT_TARGET = 8.0;
				LD_RUNPATH_SEARCH_PATHS = "$(inherited) @executable_path/Frameworks @executable_path/../../Frameworks";
				PRODUCT_NAME = "$(TARGET_NAME)";
				PROVISIONING_PROFILE = "";
				SKIP_INSTALL = YES;
			};
			name = Debug;
		};
		40A95CF21A3F0FDB000BABE0 /* Release */ = {
			isa = XCBuildConfiguration;
			buildSettings = {
				CODE_SIGN_IDENTITY = "iPhone Developer";
				"CODE_SIGN_IDENTITY[sdk=iphoneos*]" = "iPhone Developer";
				INFOPLIST_FILE = keyboard/Info.plist;
				IPHONEOS_DEPLOYMENT_TARGET = 8.0;
				LD_RUNPATH_SEARCH_PATHS = "$(inherited) @executable_path/Frameworks @executable_path/../../Frameworks";
				PRODUCT_NAME = "$(TARGET_NAME)";
				PROVISIONING_PROFILE = "";
				SKIP_INSTALL = YES;
			};
			name = Release;
		};
/* End XCBuildConfiguration section */

/* Begin XCConfigurationList section */
		40A95CB21A3F0FCC000BABE0 /* Build configuration list for PBXProject "alive" */ = {
			isa = XCConfigurationList;
			buildConfigurations = (
				40A95CD81A3F0FCC000BABE0 /* Debug */,
				40A95CD91A3F0FCC000BABE0 /* Release */,
			);
			defaultConfigurationIsVisible = 0;
			defaultConfigurationName = Release;
		};
		40A95CDA1A3F0FCC000BABE0 /* Build configuration list for PBXNativeTarget "alive" */ = {
			isa = XCConfigurationList;
			buildConfigurations = (
				40A95CDB1A3F0FCC000BABE0 /* Debug */,
				40A95CDC1A3F0FCC000BABE0 /* Release */,
			);
			defaultConfigurationIsVisible = 0;
			defaultConfigurationName = Release;
		};
		40A95CDD1A3F0FCC000BABE0 /* Build configuration list for PBXNativeTarget "aliveTests" */ = {
			isa = XCConfigurationList;
			buildConfigurations = (
				40A95CDE1A3F0FCC000BABE0 /* Debug */,
				40A95CDF1A3F0FCC000BABE0 /* Release */,
			);
			defaultConfigurationIsVisible = 0;
			defaultConfigurationName = Release;
		};
		40A95CF01A3F0FDB000BABE0 /* Build configuration list for PBXNativeTarget "keyboard" */ = {
			isa = XCConfigurationList;
			buildConfigurations = (
				40A95CF11A3F0FDB000BABE0 /* Debug */,
				40A95CF21A3F0FDB000BABE0 /* Release */,
			);
			defaultConfigurationIsVisible = 0;
			defaultConfigurationName = Release;
		};
/* End XCConfigurationList section */
	};
	rootObject = 40A95CAF1A3F0FCC000BABE0 /* Project object */;
}
